
Microsoft Visual Studio Solution File, Format Version 12.00
# Visual Studio Version 16
VisualStudioVersion = 16.0.30907.101
MinimumVisualStudioVersion = 10.0.40219.1
Project("{FAE04EC0-301F-11D3-BF4B-00C04F79EFBC}") = "ServerModels", "ServerModels\ServerModels.csproj", "{1BD96D64-D6F1-4623-AD44-BE06831FD51B}"
EndProject
Global
	GlobalSection(SolutionConfigurationPlatforms) = preSolution
		Debug|Any CPU = Debug|Any CPU
		Release|Any CPU = Release|Any CPU
	EndGlobalSection
	GlobalSection(ProjectConfigurationPlatforms) = postSolution
		{1BD96D64-D6F1-4623-AD44-BE06831FD51B}.Debug|Any CPU.ActiveCfg = Debug|Any CPU
		{1BD96D64-D6F1-4623-AD44-BE06831FD51B}.Debug|Any CPU.Build.0 = Debug|Any CPU
		{1BD96D64-D6F1-4623-AD44-BE06831FD51B}.Release|Any CPU.ActiveCfg = Release|Any CPU
		{1BD96D64-D6F1-4623-AD44-BE06831FD51B}.Release|Any CPU.Build.0 = Release|Any CPU
	EndGlobalSection
	GlobalSection(SolutionProperties) = preSolution
		HideSolutionNode = FALSE
	EndGlobalSection
	GlobalSection(ExtensibilityGlobals) = postSolution
		SolutionGuid = {3D90A77F-37B0-4398-993D-3237A106EAF4}
	EndGlobalSection
EndGlobal
